// !$*UTF8*$!
{
	archiveVersion = 1;
	classes = {
	};
	objectVersion = 56;
	objects = {

/* Begin PBXBuildFile section */
		BE2F678A2BC4B1FC00DAC335 /* ProfileHeaderView.swift in Sources */ = {isa = PBXBuildFile; fileRef = BE2F67892BC4B1FC00DAC335 /* ProfileHeaderView.swift */; };
		BE2F678C2BC4B46000DAC335 /* UserContentListView.swift in Sources */ = {isa = PBXBuildFile; fileRef = BE2F678B2BC4B46000DAC335 /* UserContentListView.swift */; };
		BE2F678F2BC4D28100DAC335 /* EditProfileViewModel.swift in Sources */ = {isa = PBXBuildFile; fileRef = BE2F678E2BC4D28100DAC335 /* EditProfileViewModel.swift */; };
		BE2F67922BC4D86700DAC335 /* ImageUploader.swift in Sources */ = {isa = PBXBuildFile; fileRef = BE2F67912BC4D86700DAC335 /* ImageUploader.swift */; };
		BE2F67952BC4E7E600DAC335 /* Kingfisher in Frameworks */ = {isa = PBXBuildFile; productRef = BE2F67942BC4E7E600DAC335 /* Kingfisher */; };
		BE2F67972BC4F3CB00DAC335 /* Thread.swift in Sources */ = {isa = PBXBuildFile; fileRef = BE2F67962BC4F3CB00DAC335 /* Thread.swift */; };
		BE2F679A2BC4F4D900DAC335 /* CreateThreadViewModel.swift in Sources */ = {isa = PBXBuildFile; fileRef = BE2F67992BC4F4D900DAC335 /* CreateThreadViewModel.swift */; };
		BE2F679C2BC4F4F500DAC335 /* ThreadService.swift in Sources */ = {isa = PBXBuildFile; fileRef = BE2F679B2BC4F4F500DAC335 /* ThreadService.swift */; };
		BE2F679F2BC5027900DAC335 /* FeedViewModel.swift in Sources */ = {isa = PBXBuildFile; fileRef = BE2F679E2BC5027900DAC335 /* FeedViewModel.swift */; };
		BE2F67A32BC512C700DAC335 /* UserContentListViewModel.swift in Sources */ = {isa = PBXBuildFile; fileRef = BE2F67A22BC512C700DAC335 /* UserContentListViewModel.swift */; };
		BE2F67A52BC515F900DAC335 /* Timestamp.swift in Sources */ = {isa = PBXBuildFile; fileRef = BE2F67A42BC515F900DAC335 /* Timestamp.swift */; };
		BEB6ADCF2BC1DF5A003A0941 /* ThreadsTutorialApp.swift in Sources */ = {isa = PBXBuildFile; fileRef = BEB6ADCE2BC1DF5A003A0941 /* ThreadsTutorialApp.swift */; };
		BEB6ADD12BC1DF5A003A0941 /* ContentView.swift in Sources */ = {isa = PBXBuildFile; fileRef = BEB6ADD02BC1DF5A003A0941 /* ContentView.swift */; };
		BEB6ADD32BC1DF5D003A0941 /* Assets.xcassets in Resources */ = {isa = PBXBuildFile; fileRef = BEB6ADD22BC1DF5D003A0941 /* Assets.xcassets */; };
		BEB6ADD62BC1DF5D003A0941 /* Preview Assets.xcassets in Resources */ = {isa = PBXBuildFile; fileRef = BEB6ADD52BC1DF5D003A0941 /* Preview Assets.xcassets */; };
		BEB6ADE82BC1E1B6003A0941 /* LoginView.swift in Sources */ = {isa = PBXBuildFile; fileRef = BEB6ADE72BC1E1B6003A0941 /* LoginView.swift */; };
		BEB6ADEA2BC1F851003A0941 /* RegistrationView.swift in Sources */ = {isa = PBXBuildFile; fileRef = BEB6ADE92BC1F851003A0941 /* RegistrationView.swift */; };
		BEB6ADED2BC1FB9B003A0941 /* ThreadsTextFieldModifier.swift in Sources */ = {isa = PBXBuildFile; fileRef = BEB6ADEC2BC1FB9B003A0941 /* ThreadsTextFieldModifier.swift */; };
		BEB6ADEF2BC1FD6B003A0941 /* ThreadsButtonModifier.swift in Sources */ = {isa = PBXBuildFile; fileRef = BEB6ADEE2BC1FD6B003A0941 /* ThreadsButtonModifier.swift */; };
		BEB6ADF22BC21183003A0941 /* ThreadsTabView.swift in Sources */ = {isa = PBXBuildFile; fileRef = BEB6ADF12BC21183003A0941 /* ThreadsTabView.swift */; };
		BEB6ADF62BC22CC7003A0941 /* FeedView.swift in Sources */ = {isa = PBXBuildFile; fileRef = BEB6ADF52BC22CC7003A0941 /* FeedView.swift */; };
		BEB6ADFA2BC22D72003A0941 /* ExploreView.swift in Sources */ = {isa = PBXBuildFile; fileRef = BEB6ADF92BC22D72003A0941 /* ExploreView.swift */; };
		BEB6ADFE2BC22DD0003A0941 /* CreateThreadView.swift in Sources */ = {isa = PBXBuildFile; fileRef = BEB6ADFD2BC22DD0003A0941 /* CreateThreadView.swift */; };
		BEB6AE022BC22EAA003A0941 /* ActivityView.swift in Sources */ = {isa = PBXBuildFile; fileRef = BEB6AE012BC22EAA003A0941 /* ActivityView.swift */; };
		BEB6AE062BC22F9E003A0941 /* ProfileView.swift in Sources */ = {isa = PBXBuildFile; fileRef = BEB6AE052BC22F9E003A0941 /* ProfileView.swift */; };
		BEB6AE082BC23193003A0941 /* ThreadCell.swift in Sources */ = {isa = PBXBuildFile; fileRef = BEB6AE072BC23193003A0941 /* ThreadCell.swift */; };
		BEB6AE0B2BC2416E003A0941 /* CircularProfileImageView.swift in Sources */ = {isa = PBXBuildFile; fileRef = BEB6AE0A2BC2416E003A0941 /* CircularProfileImageView.swift */; };
		BEB6AE0D2BC241FD003A0941 /* UserCell.swift in Sources */ = {isa = PBXBuildFile; fileRef = BEB6AE0C2BC241FD003A0941 /* UserCell.swift */; };
		BEB6AE122BC30267003A0941 /* ProfileThreadFilter.swift in Sources */ = {isa = PBXBuildFile; fileRef = BEB6AE112BC30267003A0941 /* ProfileThreadFilter.swift */; };
		BEB6AE162BC31585003A0941 /* EditProfileView.swift in Sources */ = {isa = PBXBuildFile; fileRef = BEB6AE152BC31585003A0941 /* EditProfileView.swift */; };
		BEB6AE1B2BC33A06003A0941 /* FirebaseAuth in Frameworks */ = {isa = PBXBuildFile; productRef = BEB6AE1A2BC33A06003A0941 /* FirebaseAuth */; };
		BEB6AE1D2BC33A06003A0941 /* FirebaseFirestore in Frameworks */ = {isa = PBXBuildFile; productRef = BEB6AE1C2BC33A06003A0941 /* FirebaseFirestore */; };
		BEB6AE1F2BC33A06003A0941 /* FirebaseFirestoreSwift in Frameworks */ = {isa = PBXBuildFile; productRef = BEB6AE1E2BC33A06003A0941 /* FirebaseFirestoreSwift */; };
		BEB6AE212BC33A06003A0941 /* FirebaseStorage in Frameworks */ = {isa = PBXBuildFile; productRef = BEB6AE202BC33A06003A0941 /* FirebaseStorage */; };
		BEB6AE232BC33D89003A0941 /* GoogleService-Info.plist in Resources */ = {isa = PBXBuildFile; fileRef = BEB6AE222BC33D89003A0941 /* GoogleService-Info.plist */; };
		BEB6AE272BC345BB003A0941 /* RegistrationViewModel.swift in Sources */ = {isa = PBXBuildFile; fileRef = BEB6AE262BC345BB003A0941 /* RegistrationViewModel.swift */; };
		BEB6AE292BC352C1003A0941 /* AuthService.swift in Sources */ = {isa = PBXBuildFile; fileRef = BEB6AE282BC352C1003A0941 /* AuthService.swift */; };
		BEB6AE2D2BC36438003A0941 /* ContentViewModel.swift in Sources */ = {isa = PBXBuildFile; fileRef = BEB6AE2C2BC36438003A0941 /* ContentViewModel.swift */; };
		BEB6AE2F2BC36AE0003A0941 /* LoginViewModel.swift in Sources */ = {isa = PBXBuildFile; fileRef = BEB6AE2E2BC36AE0003A0941 /* LoginViewModel.swift */; };
		BEB6AE312BC37287003A0941 /* User.swift in Sources */ = {isa = PBXBuildFile; fileRef = BEB6AE302BC37287003A0941 /* User.swift */; };
		BEB6AE332BC39A03003A0941 /* UserService.swift in Sources */ = {isa = PBXBuildFile; fileRef = BEB6AE322BC39A03003A0941 /* UserService.swift */; };
		BEB6AE362BC3A0CF003A0941 /* CurrentUserProfileViewModel.swift in Sources */ = {isa = PBXBuildFile; fileRef = BEB6AE352BC3A0CF003A0941 /* CurrentUserProfileViewModel.swift */; };
		BEB6AE392BC49131003A0941 /* ExploreViewModel.swift in Sources */ = {isa = PBXBuildFile; fileRef = BEB6AE382BC49131003A0941 /* ExploreViewModel.swift */; };
		BEB6AE3B2BC49386003A0941 /* PreviewProvider.swift in Sources */ = {isa = PBXBuildFile; fileRef = BEB6AE3A2BC49386003A0941 /* PreviewProvider.swift */; };
		BEB6AE3F2BC4AA7B003A0941 /* CurrentUserProfileView.swift in Sources */ = {isa = PBXBuildFile; fileRef = BEB6AE3E2BC4AA7B003A0941 /* CurrentUserProfileView.swift */; };
/* End PBXBuildFile section */

/* Begin PBXFileReference section */
		BE2F67892BC4B1FC00DAC335 /* ProfileHeaderView.swift */ = {isa = PBXFileReference; lastKnownFileType = sourcecode.swift; path = ProfileHeaderView.swift; sourceTree = "<group>"; };
		BE2F678B2BC4B46000DAC335 /* UserContentListView.swift */ = {isa = PBXFileReference; lastKnownFileType = sourcecode.swift; path = UserContentListView.swift; sourceTree = "<group>"; };
		BE2F678E2BC4D28100DAC335 /* EditProfileViewModel.swift */ = {isa = PBXFileReference; lastKnownFileType = sourcecode.swift; path = EditProfileViewModel.swift; sourceTree = "<group>"; };
		BE2F67912BC4D86700DAC335 /* ImageUploader.swift */ = {isa = PBXFileReference; lastKnownFileType = sourcecode.swift; path = ImageUploader.swift; sourceTree = "<group>"; };
		BE2F67962BC4F3CB00DAC335 /* Thread.swift */ = {isa = PBXFileReference; lastKnownFileType = sourcecode.swift; path = Thread.swift; sourceTree = "<group>"; };
		BE2F67992BC4F4D900DAC335 /* CreateThreadViewModel.swift */ = {isa = PBXFileReference; lastKnownFileType = sourcecode.swift; path = CreateThreadViewModel.swift; sourceTree = "<group>"; };
		BE2F679B2BC4F4F500DAC335 /* ThreadService.swift */ = {isa = PBXFileReference; lastKnownFileType = sourcecode.swift; path = ThreadService.swift; sourceTree = "<group>"; };
		BE2F679E2BC5027900DAC335 /* FeedViewModel.swift */ = {isa = PBXFileReference; lastKnownFileType = sourcecode.swift; path = FeedViewModel.swift; sourceTree = "<group>"; };
		BE2F67A22BC512C700DAC335 /* UserContentListViewModel.swift */ = {isa = PBXFileReference; lastKnownFileType = sourcecode.swift; path = UserContentListViewModel.swift; sourceTree = "<group>"; };
		BE2F67A42BC515F900DAC335 /* Timestamp.swift */ = {isa = PBXFileReference; lastKnownFileType = sourcecode.swift; path = Timestamp.swift; sourceTree = "<group>"; };
		BEB6ADCB2BC1DF5A003A0941 /* ThreadsTutorial.app */ = {isa = PBXFileReference; explicitFileType = wrapper.application; includeInIndex = 0; path = ThreadsTutorial.app; sourceTree = BUILT_PRODUCTS_DIR; };
		BEB6ADCE2BC1DF5A003A0941 /* ThreadsTutorialApp.swift */ = {isa = PBXFileReference; lastKnownFileType = sourcecode.swift; path = ThreadsTutorialApp.swift; sourceTree = "<group>"; };
		BEB6ADD02BC1DF5A003A0941 /* ContentView.swift */ = {isa = PBXFileReference; lastKnownFileType = sourcecode.swift; path = ContentView.swift; sourceTree = "<group>"; };
		BEB6ADD22BC1DF5D003A0941 /* Assets.xcassets */ = {isa = PBXFileReference; lastKnownFileType = folder.assetcatalog; path = Assets.xcassets; sourceTree = "<group>"; };
		BEB6ADD52BC1DF5D003A0941 /* Preview Assets.xcassets */ = {isa = PBXFileReference; lastKnownFileType = folder.assetcatalog; path = "Preview Assets.xcassets"; sourceTree = "<group>"; };
		BEB6ADE72BC1E1B6003A0941 /* LoginView.swift */ = {isa = PBXFileReference; lastKnownFileType = sourcecode.swift; path = LoginView.swift; sourceTree = "<group>"; };
		BEB6ADE92BC1F851003A0941 /* RegistrationView.swift */ = {isa = PBXFileReference; lastKnownFileType = sourcecode.swift; path = RegistrationView.swift; sourceTree = "<group>"; };
		BEB6ADEC2BC1FB9B003A0941 /* ThreadsTextFieldModifier.swift */ = {isa = PBXFileReference; lastKnownFileType = sourcecode.swift; path = ThreadsTextFieldModifier.swift; sourceTree = "<group>"; };
		BEB6ADEE2BC1FD6B003A0941 /* ThreadsButtonModifier.swift */ = {isa = PBXFileReference; lastKnownFileType = sourcecode.swift; path = ThreadsButtonModifier.swift; sourceTree = "<group>"; };
		BEB6ADF12BC21183003A0941 /* ThreadsTabView.swift */ = {isa = PBXFileReference; lastKnownFileType = sourcecode.swift; path = ThreadsTabView.swift; sourceTree = "<group>"; };
		BEB6ADF52BC22CC7003A0941 /* FeedView.swift */ = {isa = PBXFileReference; lastKnownFileType = sourcecode.swift; path = FeedView.swift; sourceTree = "<group>"; };
		BEB6ADF92BC22D72003A0941 /* ExploreView.swift */ = {isa = PBXFileReference; lastKnownFileType = sourcecode.swift; path = ExploreView.swift; sourceTree = "<group>"; };
		BEB6ADFD2BC22DD0003A0941 /* CreateThreadView.swift */ = {isa = PBXFileReference; lastKnownFileType = sourcecode.swift; path = CreateThreadView.swift; sourceTree = "<group>"; };
		BEB6AE012BC22EAA003A0941 /* ActivityView.swift */ = {isa = PBXFileReference; lastKnownFileType = sourcecode.swift; path = ActivityView.swift; sourceTree = "<group>"; };
		BEB6AE052BC22F9E003A0941 /* ProfileView.swift */ = {isa = PBXFileReference; lastKnownFileType = sourcecode.swift; path = ProfileView.swift; sourceTree = "<group>"; };
		BEB6AE072BC23193003A0941 /* ThreadCell.swift */ = {isa = PBXFileReference; lastKnownFileType = sourcecode.swift; path = ThreadCell.swift; sourceTree = "<group>"; };
		BEB6AE0A2BC2416E003A0941 /* CircularProfileImageView.swift */ = {isa = PBXFileReference; lastKnownFileType = sourcecode.swift; path = CircularProfileImageView.swift; sourceTree = "<group>"; };
		BEB6AE0C2BC241FD003A0941 /* UserCell.swift */ = {isa = PBXFileReference; lastKnownFileType = sourcecode.swift; path = UserCell.swift; sourceTree = "<group>"; };
		BEB6AE112BC30267003A0941 /* ProfileThreadFilter.swift */ = {isa = PBXFileReference; lastKnownFileType = sourcecode.swift; path = ProfileThreadFilter.swift; sourceTree = "<group>"; };
		BEB6AE152BC31585003A0941 /* EditProfileView.swift */ = {isa = PBXFileReference; lastKnownFileType = sourcecode.swift; path = EditProfileView.swift; sourceTree = "<group>"; };
		BEB6AE222BC33D89003A0941 /* GoogleService-Info.plist */ = {isa = PBXFileReference; fileEncoding = 4; lastKnownFileType = text.plist.xml; path = "GoogleService-Info.plist"; sourceTree = "<group>"; };
		BEB6AE262BC345BB003A0941 /* RegistrationViewModel.swift */ = {isa = PBXFileReference; lastKnownFileType = sourcecode.swift; path = RegistrationViewModel.swift; sourceTree = "<group>"; };
		BEB6AE282BC352C1003A0941 /* AuthService.swift */ = {isa = PBXFileReference; lastKnownFileType = sourcecode.swift; path = AuthService.swift; sourceTree = "<group>"; };
		BEB6AE2C2BC36438003A0941 /* ContentViewModel.swift */ = {isa = PBXFileReference; lastKnownFileType = sourcecode.swift; path = ContentViewModel.swift; sourceTree = "<group>"; };
		BEB6AE2E2BC36AE0003A0941 /* LoginViewModel.swift */ = {isa = PBXFileReference; lastKnownFileType = sourcecode.swift; path = LoginViewModel.swift; sourceTree = "<group>"; };
		BEB6AE302BC37287003A0941 /* User.swift */ = {isa = PBXFileReference; lastKnownFileType = sourcecode.swift; path = User.swift; sourceTree = "<group>"; };
		BEB6AE322BC39A03003A0941 /* UserService.swift */ = {isa = PBXFileReference; lastKnownFileType = sourcecode.swift; path = UserService.swift; sourceTree = "<group>"; };
		BEB6AE352BC3A0CF003A0941 /* CurrentUserProfileViewModel.swift */ = {isa = PBXFileReference; lastKnownFileType = sourcecode.swift; path = CurrentUserProfileViewModel.swift; sourceTree = "<group>"; };
		BEB6AE382BC49131003A0941 /* ExploreViewModel.swift */ = {isa = PBXFileReference; lastKnownFileType = sourcecode.swift; path = ExploreViewModel.swift; sourceTree = "<group>"; };
		BEB6AE3A2BC49386003A0941 /* PreviewProvider.swift */ = {isa = PBXFileReference; lastKnownFileType = sourcecode.swift; path = PreviewProvider.swift; sourceTree = "<group>"; };
		BEB6AE3E2BC4AA7B003A0941 /* CurrentUserProfileView.swift */ = {isa = PBXFileReference; lastKnownFileType = sourcecode.swift; path = CurrentUserProfileView.swift; sourceTree = "<group>"; };
/* End PBXFileReference section */

/* Begin PBXFrameworksBuildPhase section */
		BEB6ADC82BC1DF5A003A0941 /* Frameworks */ = {
			isa = PBXFrameworksBuildPhase;
			buildActionMask = 2147483647;
			files = (
				BEB6AE1B2BC33A06003A0941 /* FirebaseAuth in Frameworks */,
				BEB6AE212BC33A06003A0941 /* FirebaseStorage in Frameworks */,
				BEB6AE1D2BC33A06003A0941 /* FirebaseFirestore in Frameworks */,
				BEB6AE1F2BC33A06003A0941 /* FirebaseFirestoreSwift in Frameworks */,
				BE2F67952BC4E7E600DAC335 /* Kingfisher in Frameworks */,
			);
			runOnlyForDeploymentPostprocessing = 0;
		};
/* End PBXFrameworksBuildPhase section */

/* Begin PBXGroup section */
		BE2F67882BC4B1EB00DAC335 /* Components */ = {
			isa = PBXGroup;
			children = (
				BE2F67A02BC5127400DAC335 /* View */,
				BE2F67A12BC5127900DAC335 /* ViewModel */,
			);
			path = Components;
			sourceTree = "<group>";
		};
		BE2F678D2BC4D26B00DAC335 /* ViewModel */ = {
			isa = PBXGroup;
			children = (
				BE2F678E2BC4D28100DAC335 /* EditProfileViewModel.swift */,
			);
			path = ViewModel;
			sourceTree = "<group>";
		};
		BE2F67982BC4F4A900DAC335 /* ViewModel */ = {
			isa = PBXGroup;
			children = (
				BE2F67992BC4F4D900DAC335 /* CreateThreadViewModel.swift */,
			);
			path = ViewModel;
			sourceTree = "<group>";
		};
		BE2F679D2BC5026D00DAC335 /* ViewModel */ = {
			isa = PBXGroup;
			children = (
				BE2F679E2BC5027900DAC335 /* FeedViewModel.swift */,
			);
			path = ViewModel;
			sourceTree = "<group>";
		};
		BE2F67A02BC5127400DAC335 /* View */ = {
			isa = PBXGroup;
			children = (
				BE2F67892BC4B1FC00DAC335 /* ProfileHeaderView.swift */,
				BE2F678B2BC4B46000DAC335 /* UserContentListView.swift */,
			);
			path = View;
			sourceTree = "<group>";
		};
		BE2F67A12BC5127900DAC335 /* ViewModel */ = {
			isa = PBXGroup;
			children = (
				BE2F67A22BC512C700DAC335 /* UserContentListViewModel.swift */,
			);
			path = ViewModel;
			sourceTree = "<group>";
		};
		BEB6ADC22BC1DF5A003A0941 = {
			isa = PBXGroup;
			children = (
				BEB6ADCD2BC1DF5A003A0941 /* ThreadsTutorial */,
				BEB6ADCC2BC1DF5A003A0941 /* Products */,
			);
			sourceTree = "<group>";
		};
		BEB6ADCC2BC1DF5A003A0941 /* Products */ = {
			isa = PBXGroup;
			children = (
				BEB6ADCB2BC1DF5A003A0941 /* ThreadsTutorial.app */,
			);
			name = Products;
			sourceTree = "<group>";
		};
		BEB6ADCD2BC1DF5A003A0941 /* ThreadsTutorial */ = {
			isa = PBXGroup;
			children = (
				BEB6ADE32BC1E08A003A0941 /* App */,
				BEB6ADE22BC1E088003A0941 /* Core */,
				BEB6ADE12BC1E086003A0941 /* Extensions */,
				BEB6ADE02BC1E083003A0941 /* Model */,
				BEB6ADDF2BC1E080003A0941 /* Services */,
				BEB6ADDC2BC1E067003A0941 /* Utils */,
				BEB6AE222BC33D89003A0941 /* GoogleService-Info.plist */,
				BEB6ADD22BC1DF5D003A0941 /* Assets.xcassets */,
				BEB6ADD42BC1DF5D003A0941 /* Preview Content */,
			);
			path = ThreadsTutorial;
			sourceTree = "<group>";
		};
		BEB6ADD42BC1DF5D003A0941 /* Preview Content */ = {
			isa = PBXGroup;
			children = (
				BEB6ADD52BC1DF5D003A0941 /* Preview Assets.xcassets */,
			);
			path = "Preview Content";
			sourceTree = "<group>";
		};
		BEB6ADDC2BC1E067003A0941 /* Utils */ = {
			isa = PBXGroup;
			children = (
				BEB6ADEB2BC1FB7C003A0941 /* ViewModifiers */,
			);
			path = Utils;
			sourceTree = "<group>";
		};
		BEB6ADDF2BC1E080003A0941 /* Services */ = {
			isa = PBXGroup;
			children = (
				BEB6AE322BC39A03003A0941 /* UserService.swift */,
				BE2F67912BC4D86700DAC335 /* ImageUploader.swift */,
				BE2F679B2BC4F4F500DAC335 /* ThreadService.swift */,
			);
			path = Services;
			sourceTree = "<group>";
		};
		BEB6ADE02BC1E083003A0941 /* Model */ = {
			isa = PBXGroup;
			children = (
				BEB6AE302BC37287003A0941 /* User.swift */,
				BE2F67962BC4F3CB00DAC335 /* Thread.swift */,
			);
			path = Model;
			sourceTree = "<group>";
		};
		BEB6ADE12BC1E086003A0941 /* Extensions */ = {
			isa = PBXGroup;
			children = (
				BEB6AE3A2BC49386003A0941 /* PreviewProvider.swift */,
				BE2F67A42BC515F900DAC335 /* Timestamp.swift */,
			);
			path = Extensions;
			sourceTree = "<group>";
		};
		BEB6ADE22BC1E088003A0941 /* Core */ = {
			isa = PBXGroup;
			children = (
				BEB6ADFF2BC22E92003A0941 /* Activity */,
				BEB6ADE52BC1E107003A0941 /* Authentication */,
				BEB6AE092BC24139003A0941 /* Components */,
				BEB6ADF72BC22D52003A0941 /* Explore */,
				BEB6ADF32BC22C9B003A0941 /* Feed */,
				BEB6AE032BC22F6F003A0941 /* Profile */,
				BEB6ADE42BC1E104003A0941 /* Root */,
				BEB6ADF02BC2114B003A0941 /* TabBar */,
				BEB6ADFB2BC22DAF003A0941 /* ThreadCreation */,
			);
			path = Core;
			sourceTree = "<group>";
		};
		BEB6ADE32BC1E08A003A0941 /* App */ = {
			isa = PBXGroup;
			children = (
				BEB6ADCE2BC1DF5A003A0941 /* ThreadsTutorialApp.swift */,
			);
			path = App;
			sourceTree = "<group>";
		};
		BEB6ADE42BC1E104003A0941 /* Root */ = {
			isa = PBXGroup;
			children = (
				BEB6AE2B2BC3640A003A0941 /* View */,
				BEB6AE2A2BC36407003A0941 /* ViewModel */,
			);
			path = Root;
			sourceTree = "<group>";
		};
		BEB6ADE52BC1E107003A0941 /* Authentication */ = {
			isa = PBXGroup;
			children = (
				BEB6AE252BC3458F003A0941 /* Service */,
				BEB6ADE62BC1E15A003A0941 /* Views */,
				BEB6AE242BC34570003A0941 /* ViewModel */,
			);
			path = Authentication;
			sourceTree = "<group>";
		};
		BEB6ADE62BC1E15A003A0941 /* Views */ = {
			isa = PBXGroup;
			children = (
				BEB6ADE72BC1E1B6003A0941 /* LoginView.swift */,
				BEB6ADE92BC1F851003A0941 /* RegistrationView.swift */,
			);
			path = Views;
			sourceTree = "<group>";
		};
		BEB6ADEB2BC1FB7C003A0941 /* ViewModifiers */ = {
			isa = PBXGroup;
			children = (
				BEB6ADEC2BC1FB9B003A0941 /* ThreadsTextFieldModifier.swift */,
				BEB6ADEE2BC1FD6B003A0941 /* ThreadsButtonModifier.swift */,
			);
			path = ViewModifiers;
			sourceTree = "<group>";
		};
		BEB6ADF02BC2114B003A0941 /* TabBar */ = {
			isa = PBXGroup;
			children = (
				BEB6ADF12BC21183003A0941 /* ThreadsTabView.swift */,
			);
			path = TabBar;
			sourceTree = "<group>";
		};
		BEB6ADF32BC22C9B003A0941 /* Feed */ = {
			isa = PBXGroup;
			children = (
				BEB6ADF42BC22CA3003A0941 /* View */,
				BE2F679D2BC5026D00DAC335 /* ViewModel */,
			);
			path = Feed;
			sourceTree = "<group>";
		};
		BEB6ADF42BC22CA3003A0941 /* View */ = {
			isa = PBXGroup;
			children = (
				BEB6ADF52BC22CC7003A0941 /* FeedView.swift */,
			);
			path = View;
			sourceTree = "<group>";
		};
		BEB6ADF72BC22D52003A0941 /* Explore */ = {
			isa = PBXGroup;
			children = (
				BEB6ADF82BC22D5A003A0941 /* View */,
				BEB6AE372BC49107003A0941 /* ViewModel */,
			);
			path = Explore;
			sourceTree = "<group>";
		};
		BEB6ADF82BC22D5A003A0941 /* View */ = {
			isa = PBXGroup;
			children = (
				BEB6ADF92BC22D72003A0941 /* ExploreView.swift */,
			);
			path = View;
			sourceTree = "<group>";
		};
		BEB6ADFB2BC22DAF003A0941 /* ThreadCreation */ = {
			isa = PBXGroup;
			children = (
				BEB6ADFC2BC22DB6003A0941 /* View */,
				BE2F67982BC4F4A900DAC335 /* ViewModel */,
			);
			path = ThreadCreation;
			sourceTree = "<group>";
		};
		BEB6ADFC2BC22DB6003A0941 /* View */ = {
			isa = PBXGroup;
			children = (
				BEB6ADFD2BC22DD0003A0941 /* CreateThreadView.swift */,
			);
			path = View;
			sourceTree = "<group>";
		};
		BEB6ADFF2BC22E92003A0941 /* Activity */ = {
			isa = PBXGroup;
			children = (
				BEB6AE002BC22E99003A0941 /* View */,
			);
			path = Activity;
			sourceTree = "<group>";
		};
		BEB6AE002BC22E99003A0941 /* View */ = {
			isa = PBXGroup;
			children = (
				BEB6AE012BC22EAA003A0941 /* ActivityView.swift */,
			);
			path = View;
			sourceTree = "<group>";
		};
		BEB6AE032BC22F6F003A0941 /* Profile */ = {
			isa = PBXGroup;
			children = (
				BE2F67882BC4B1EB00DAC335 /* Components */,
				BEB6AE3C2BC4AA48003A0941 /* CurrentUserProfile */,
				BEB6AE132BC31568003A0941 /* EditProfile */,
				BEB6AE0E2BC30227003A0941 /* Model */,
				BEB6AE042BC22F8A003A0941 /* UserProfile */,
			);
			path = Profile;
			sourceTree = "<group>";
		};
		BEB6AE042BC22F8A003A0941 /* UserProfile */ = {
			isa = PBXGroup;
			children = (
				BEB6AE052BC22F9E003A0941 /* ProfileView.swift */,
			);
			path = UserProfile;
			sourceTree = "<group>";
		};
		BEB6AE092BC24139003A0941 /* Components */ = {
			isa = PBXGroup;
			children = (
				BEB6AE0A2BC2416E003A0941 /* CircularProfileImageView.swift */,
				BEB6AE072BC23193003A0941 /* ThreadCell.swift */,
				BEB6AE0C2BC241FD003A0941 /* UserCell.swift */,
			);
			path = Components;
			sourceTree = "<group>";
		};
		BEB6AE0E2BC30227003A0941 /* Model */ = {
			isa = PBXGroup;
			children = (
				BEB6AE112BC30267003A0941 /* ProfileThreadFilter.swift */,
			);
			path = Model;
			sourceTree = "<group>";
		};
		BEB6AE132BC31568003A0941 /* EditProfile */ = {
			isa = PBXGroup;
			children = (
				BEB6AE142BC31577003A0941 /* View */,
				BE2F678D2BC4D26B00DAC335 /* ViewModel */,
			);
			path = EditProfile;
			sourceTree = "<group>";
		};
		BEB6AE142BC31577003A0941 /* View */ = {
			isa = PBXGroup;
			children = (
				BEB6AE152BC31585003A0941 /* EditProfileView.swift */,
			);
			path = View;
			sourceTree = "<group>";
		};
		BEB6AE242BC34570003A0941 /* ViewModel */ = {
			isa = PBXGroup;
			children = (
				BEB6AE2E2BC36AE0003A0941 /* LoginViewModel.swift */,
				BEB6AE262BC345BB003A0941 /* RegistrationViewModel.swift */,
			);
			path = ViewModel;
			sourceTree = "<group>";
		};
		BEB6AE252BC3458F003A0941 /* Service */ = {
			isa = PBXGroup;
			children = (
				BEB6AE282BC352C1003A0941 /* AuthService.swift */,
			);
			path = Service;
			sourceTree = "<group>";
		};
		BEB6AE2A2BC36407003A0941 /* ViewModel */ = {
			isa = PBXGroup;
			children = (
				BEB6AE2C2BC36438003A0941 /* ContentViewModel.swift */,
			);
			path = ViewModel;
			sourceTree = "<group>";
		};
		BEB6AE2B2BC3640A003A0941 /* View */ = {
			isa = PBXGroup;
			children = (
				BEB6ADD02BC1DF5A003A0941 /* ContentView.swift */,
			);
			path = View;
			sourceTree = "<group>";
		};
		BEB6AE372BC49107003A0941 /* ViewModel */ = {
			isa = PBXGroup;
			children = (
				BEB6AE382BC49131003A0941 /* ExploreViewModel.swift */,
			);
			path = ViewModel;
			sourceTree = "<group>";
		};
		BEB6AE3C2BC4AA48003A0941 /* CurrentUserProfile */ = {
			isa = PBXGroup;
			children = (
				BEB6AE3D2BC4AA5E003A0941 /* View */,
				BEB6AE402BC4AB03003A0941 /* ViewModel */,
			);
			path = CurrentUserProfile;
			sourceTree = "<group>";
		};
		BEB6AE3D2BC4AA5E003A0941 /* View */ = {
			isa = PBXGroup;
			children = (
				BEB6AE3E2BC4AA7B003A0941 /* CurrentUserProfileView.swift */,
			);
			path = View;
			sourceTree = "<group>";
		};
		BEB6AE402BC4AB03003A0941 /* ViewModel */ = {
			isa = PBXGroup;
			children = (
				BEB6AE352BC3A0CF003A0941 /* CurrentUserProfileViewModel.swift */,
			);
			path = ViewModel;
			sourceTree = "<group>";
		};
/* End PBXGroup section */

/* Begin PBXNativeTarget section */
		BEB6ADCA2BC1DF5A003A0941 /* ThreadsTutorial */ = {
			isa = PBXNativeTarget;
			buildConfigurationList = BEB6ADD92BC1DF5D003A0941 /* Build configuration list for PBXNativeTarget "ThreadsTutorial" */;
			buildPhases = (
				BEB6ADC72BC1DF5A003A0941 /* Sources */,
				BEB6ADC82BC1DF5A003A0941 /* Frameworks */,
				BEB6ADC92BC1DF5A003A0941 /* Resources */,
			);
			buildRules = (
			);
			dependencies = (
			);
			name = ThreadsTutorial;
			packageProductDependencies = (
				BEB6AE1A2BC33A06003A0941 /* FirebaseAuth */,
				BEB6AE1C2BC33A06003A0941 /* FirebaseFirestore */,
				BEB6AE1E2BC33A06003A0941 /* FirebaseFirestoreSwift */,
				BEB6AE202BC33A06003A0941 /* FirebaseStorage */,
				BE2F67942BC4E7E600DAC335 /* Kingfisher */,
			);
			productName = ThreadsTutorial;
			productReference = BEB6ADCB2BC1DF5A003A0941 /* ThreadsTutorial.app */;
			productType = "com.apple.product-type.application";
		};
/* End PBXNativeTarget section */

/* Begin PBXProject section */
		BEB6ADC32BC1DF5A003A0941 /* Project object */ = {
			isa = PBXProject;
			attributes = {
				BuildIndependentTargetsInParallel = 1;
				LastSwiftUpdateCheck = 1530;
				LastUpgradeCheck = 1530;
				TargetAttributes = {
					BEB6ADCA2BC1DF5A003A0941 = {
						CreatedOnToolsVersion = 15.3;
					};
				};
			};
			buildConfigurationList = BEB6ADC62BC1DF5A003A0941 /* Build configuration list for PBXProject "ThreadsTutorial" */;
			compatibilityVersion = "Xcode 14.0";
			developmentRegion = en;
			hasScannedForEncodings = 0;
			knownRegions = (
				en,
				Base,
			);
			mainGroup = BEB6ADC22BC1DF5A003A0941;
			packageReferences = (
				BEB6AE192BC33A06003A0941 /* XCRemoteSwiftPackageReference "firebase-ios-sdk" */,
				BE2F67932BC4E7E500DAC335 /* XCRemoteSwiftPackageReference "Kingfisher" */,
			);
			productRefGroup = BEB6ADCC2BC1DF5A003A0941 /* Products */;
			projectDirPath = "";
			projectRoot = "";
			targets = (
				BEB6ADCA2BC1DF5A003A0941 /* ThreadsTutorial */,
			);
		};
/* End PBXProject section */

/* Begin PBXResourcesBuildPhase section */
		BEB6ADC92BC1DF5A003A0941 /* Resources */ = {
			isa = PBXResourcesBuildPhase;
			buildActionMask = 2147483647;
			files = (
				BEB6ADD62BC1DF5D003A0941 /* Preview Assets.xcassets in Resources */,
				BEB6ADD32BC1DF5D003A0941 /* Assets.xcassets in Resources */,
				BEB6AE232BC33D89003A0941 /* GoogleService-Info.plist in Resources */,
			);
			runOnlyForDeploymentPostprocessing = 0;
		};
/* End PBXResourcesBuildPhase section */

/* Begin PBXSourcesBuildPhase section */
		BEB6ADC72BC1DF5A003A0941 /* Sources */ = {
			isa = PBXSourcesBuildPhase;
			buildActionMask = 2147483647;
			files = (
				BE2F679F2BC5027900DAC335 /* FeedViewModel.swift in Sources */,
				BEB6AE022BC22EAA003A0941 /* ActivityView.swift in Sources */,
				BEB6AE272BC345BB003A0941 /* RegistrationViewModel.swift in Sources */,
				BEB6AE162BC31585003A0941 /* EditProfileView.swift in Sources */,
				BEB6ADFE2BC22DD0003A0941 /* CreateThreadView.swift in Sources */,
				BEB6AE2D2BC36438003A0941 /* ContentViewModel.swift in Sources */,
				BEB6ADF62BC22CC7003A0941 /* FeedView.swift in Sources */,
				BE2F67922BC4D86700DAC335 /* ImageUploader.swift in Sources */,
				BE2F679C2BC4F4F500DAC335 /* ThreadService.swift in Sources */,
				BEB6AE362BC3A0CF003A0941 /* CurrentUserProfileViewModel.swift in Sources */,
				BEB6AE122BC30267003A0941 /* ProfileThreadFilter.swift in Sources */,
				BEB6AE3F2BC4AA7B003A0941 /* CurrentUserProfileView.swift in Sources */,
				BEB6AE332BC39A03003A0941 /* UserService.swift in Sources */,
				BEB6AE292BC352C1003A0941 /* AuthService.swift in Sources */,
				BE2F678A2BC4B1FC00DAC335 /* ProfileHeaderView.swift in Sources */,
				BE2F678F2BC4D28100DAC335 /* EditProfileViewModel.swift in Sources */,
				BEB6ADFA2BC22D72003A0941 /* ExploreView.swift in Sources */,
				BEB6AE062BC22F9E003A0941 /* ProfileView.swift in Sources */,
				BEB6AE312BC37287003A0941 /* User.swift in Sources */,
				BE2F679A2BC4F4D900DAC335 /* CreateThreadViewModel.swift in Sources */,
				BEB6ADEF2BC1FD6B003A0941 /* ThreadsButtonModifier.swift in Sources */,
				BEB6ADF22BC21183003A0941 /* ThreadsTabView.swift in Sources */,
				BE2F67A52BC515F900DAC335 /* Timestamp.swift in Sources */,
				BE2F678C2BC4B46000DAC335 /* UserContentListView.swift in Sources */,
				BEB6AE0B2BC2416E003A0941 /* CircularProfileImageView.swift in Sources */,
				BEB6AE0D2BC241FD003A0941 /* UserCell.swift in Sources */,
				BEB6ADE82BC1E1B6003A0941 /* LoginView.swift in Sources */,
				BEB6AE082BC23193003A0941 /* ThreadCell.swift in Sources */,
				BEB6ADD12BC1DF5A003A0941 /* ContentView.swift in Sources */,
				BEB6ADED2BC1FB9B003A0941 /* ThreadsTextFieldModifier.swift in Sources */,
				BEB6AE392BC49131003A0941 /* ExploreViewModel.swift in Sources */,
				BEB6ADCF2BC1DF5A003A0941 /* ThreadsTutorialApp.swift in Sources */,
				BEB6ADEA2BC1F851003A0941 /* RegistrationView.swift in Sources */,
				BEB6AE2F2BC36AE0003A0941 /* LoginViewModel.swift in Sources */,
				BEB6AE3B2BC49386003A0941 /* PreviewProvider.swift in Sources */,
				BE2F67972BC4F3CB00DAC335 /* Thread.swift in Sources */,
				BE2F67A32BC512C700DAC335 /* UserContentListViewModel.swift in Sources */,
			);
			runOnlyForDeploymentPostprocessing = 0;
		};
/* End PBXSourcesBuildPhase section */

/* Begin XCBuildConfiguration section */
		BEB6ADD72BC1DF5D003A0941 /* Debug */ = {
			isa = XCBuildConfiguration;
			buildSettings = {
				ALWAYS_SEARCH_USER_PATHS = NO;
				ASSETCATALOG_COMPILER_GENERATE_SWIFT_ASSET_SYMBOL_EXTENSIONS = YES;
				CLANG_ANALYZER_NONNULL = YES;
				CLANG_ANALYZER_NUMBER_OBJECT_CONVERSION = YES_AGGRESSIVE;
				CLANG_CXX_LANGUAGE_STANDARD = "gnu++20";
				CLANG_ENABLE_MODULES = YES;
				CLANG_ENABLE_OBJC_ARC = YES;
				CLANG_ENABLE_OBJC_WEAK = YES;
				CLANG_WARN_BLOCK_CAPTURE_AUTORELEASING = YES;
				CLANG_WARN_BOOL_CONVERSION = YES;
				CLANG_WARN_COMMA = YES;
				CLANG_WARN_CONSTANT_CONVERSION = YES;
				CLANG_WARN_DEPRECATED_OBJC_IMPLEMENTATIONS = YES;
				CLANG_WARN_DIRECT_OBJC_ISA_USAGE = YES_ERROR;
				CLANG_WARN_DOCUMENTATION_COMMENTS = YES;
				CLANG_WARN_EMPTY_BODY = YES;
				CLANG_WARN_ENUM_CONVERSION = YES;
				CLANG_WARN_INFINITE_RECURSION = YES;
				CLANG_WARN_INT_CONVERSION = YES;
				CLANG_WARN_NON_LITERAL_NULL_CONVERSION = YES;
				CLANG_WARN_OBJC_IMPLICIT_RETAIN_SELF = YES;
				CLANG_WARN_OBJC_LITERAL_CONVERSION = YES;
				CLANG_WARN_OBJC_ROOT_CLASS = YES_ERROR;
				CLANG_WARN_QUOTED_INCLUDE_IN_FRAMEWORK_HEADER = YES;
				CLANG_WARN_RANGE_LOOP_ANALYSIS = YES;
				CLANG_WARN_STRICT_PROTOTYPES = YES;
				CLANG_WARN_SUSPICIOUS_MOVE = YES;
				CLANG_WARN_UNGUARDED_AVAILABILITY = YES_AGGRESSIVE;
				CLANG_WARN_UNREACHABLE_CODE = YES;
				CLANG_WARN__DUPLICATE_METHOD_MATCH = YES;
				COPY_PHASE_STRIP = NO;
				DEBUG_INFORMATION_FORMAT = dwarf;
				ENABLE_STRICT_OBJC_MSGSEND = YES;
				ENABLE_TESTABILITY = YES;
				ENABLE_USER_SCRIPT_SANDBOXING = YES;
				GCC_C_LANGUAGE_STANDARD = gnu17;
				GCC_DYNAMIC_NO_PIC = NO;
				GCC_NO_COMMON_BLOCKS = YES;
				GCC_OPTIMIZATION_LEVEL = 0;
				GCC_PREPROCESSOR_DEFINITIONS = (
					"DEBUG=1",
					"$(inherited)",
				);
				GCC_WARN_64_TO_32_BIT_CONVERSION = YES;
				GCC_WARN_ABOUT_RETURN_TYPE = YES_ERROR;
				GCC_WARN_UNDECLARED_SELECTOR = YES;
				GCC_WARN_UNINITIALIZED_AUTOS = YES_AGGRESSIVE;
				GCC_WARN_UNUSED_FUNCTION = YES;
				GCC_WARN_UNUSED_VARIABLE = YES;
				IPHONEOS_DEPLOYMENT_TARGET = 17.4;
				LOCALIZATION_PREFERS_STRING_CATALOGS = YES;
				MTL_ENABLE_DEBUG_INFO = INCLUDE_SOURCE;
				MTL_FAST_MATH = YES;
				ONLY_ACTIVE_ARCH = YES;
				SDKROOT = iphoneos;
				SWIFT_ACTIVE_COMPILATION_CONDITIONS = "DEBUG $(inherited)";
				SWIFT_OPTIMIZATION_LEVEL = "-Onone";
			};
			name = Debug;
		};
		BEB6ADD82BC1DF5D003A0941 /* Release */ = {
			isa = XCBuildConfiguration;
			buildSettings = {
				ALWAYS_SEARCH_USER_PATHS = NO;
				ASSETCATALOG_COMPILER_GENERATE_SWIFT_ASSET_SYMBOL_EXTENSIONS = YES;
				CLANG_ANALYZER_NONNULL = YES;
				CLANG_ANALYZER_NUMBER_OBJECT_CONVERSION = YES_AGGRESSIVE;
				CLANG_CXX_LANGUAGE_STANDARD = "gnu++20";
				CLANG_ENABLE_MODULES = YES;
				CLANG_ENABLE_OBJC_ARC = YES;
				CLANG_ENABLE_OBJC_WEAK = YES;
				CLANG_WARN_BLOCK_CAPTURE_AUTORELEASING = YES;
				CLANG_WARN_BOOL_CONVERSION = YES;
				CLANG_WARN_COMMA = YES;
				CLANG_WARN_CONSTANT_CONVERSION = YES;
				CLANG_WARN_DEPRECATED_OBJC_IMPLEMENTATIONS = YES;
				CLANG_WARN_DIRECT_OBJC_ISA_USAGE = YES_ERROR;
				CLANG_WARN_DOCUMENTATION_COMMENTS = YES;
				CLANG_WARN_EMPTY_BODY = YES;
				CLANG_WARN_ENUM_CONVERSION = YES;
				CLANG_WARN_INFINITE_RECURSION = YES;
				CLANG_WARN_INT_CONVERSION = YES;
				CLANG_WARN_NON_LITERAL_NULL_CONVERSION = YES;
				CLANG_WARN_OBJC_IMPLICIT_RETAIN_SELF = YES;
				CLANG_WARN_OBJC_LITERAL_CONVERSION = YES;
				CLANG_WARN_OBJC_ROOT_CLASS = YES_ERROR;
				CLANG_WARN_QUOTED_INCLUDE_IN_FRAMEWORK_HEADER = YES;
				CLANG_WARN_RANGE_LOOP_ANALYSIS = YES;
				CLANG_WARN_STRICT_PROTOTYPES = YES;
				CLANG_WARN_SUSPICIOUS_MOVE = YES;
				CLANG_WARN_UNGUARDED_AVAILABILITY = YES_AGGRESSIVE;
				CLANG_WARN_UNREACHABLE_CODE = YES;
				CLANG_WARN__DUPLICATE_METHOD_MATCH = YES;
				COPY_PHASE_STRIP = NO;
				DEBUG_INFORMATION_FORMAT = "dwarf-with-dsym";
				ENABLE_NS_ASSERTIONS = NO;
				ENABLE_STRICT_OBJC_MSGSEND = YES;
				ENABLE_USER_SCRIPT_SANDBOXING = YES;
				GCC_C_LANGUAGE_STANDARD = gnu17;
				GCC_NO_COMMON_BLOCKS = YES;
				GCC_WARN_64_TO_32_BIT_CONVERSION = YES;
				GCC_WARN_ABOUT_RETURN_TYPE = YES_ERROR;
				GCC_WARN_UNDECLARED_SELECTOR = YES;
				GCC_WARN_UNINITIALIZED_AUTOS = YES_AGGRESSIVE;
				GCC_WARN_UNUSED_FUNCTION = YES;
				GCC_WARN_UNUSED_VARIABLE = YES;
				IPHONEOS_DEPLOYMENT_TARGET = 17.4;
				LOCALIZATION_PREFERS_STRING_CATALOGS = YES;
				MTL_ENABLE_DEBUG_INFO = NO;
				MTL_FAST_MATH = YES;
				SDKROOT = iphoneos;
				SWIFT_COMPILATION_MODE = wholemodule;
				VALIDATE_PRODUCT = YES;
			};
			name = Release;
		};
		BEB6ADDA2BC1DF5D003A0941 /* Debug */ = {
			isa = XCBuildConfiguration;
			buildSettings = {
				ASSETCATALOG_COMPILER_APPICON_NAME = AppIcon;
				ASSETCATALOG_COMPILER_GLOBAL_ACCENT_COLOR_NAME = AccentColor;
				CODE_SIGN_STYLE = Automatic;
				CURRENT_PROJECT_VERSION = 1;
				DEVELOPMENT_ASSET_PATHS = "\"ThreadsTutorial/Preview Content\"";
				DEVELOPMENT_TEAM = 324Y82FCZ3;
				ENABLE_PREVIEWS = YES;
				GENERATE_INFOPLIST_FILE = YES;
				INFOPLIST_KEY_UIApplicationSceneManifest_Generation = YES;
				INFOPLIST_KEY_UIApplicationSupportsIndirectInputEvents = YES;
				INFOPLIST_KEY_UILaunchScreen_Generation = YES;
				INFOPLIST_KEY_UISupportedInterfaceOrientations_iPad = "UIInterfaceOrientationPortrait UIInterfaceOrientationPortraitUpsideDown UIInterfaceOrientationLandscapeLeft UIInterfaceOrientationLandscapeRight";
				INFOPLIST_KEY_UISupportedInterfaceOrientations_iPhone = "UIInterfaceOrientationPortrait UIInterfaceOrientationLandscapeLeft UIInterfaceOrientationLandscapeRight";
				LD_RUNPATH_SEARCH_PATHS = (
					"$(inherited)",
					"@executable_path/Frameworks",
				);
				MARKETING_VERSION = 1.0;
				PRODUCT_BUNDLE_IDENTIFIER = com.josegarcia.ThreadsTutorial;
				PRODUCT_NAME = "$(TARGET_NAME)";
				SWIFT_EMIT_LOC_STRINGS = YES;
				SWIFT_VERSION = 5.0;
				TARGETED_DEVICE_FAMILY = "1,2";
			};
			name = Debug;
		};
		BEB6ADDB2BC1DF5D003A0941 /* Release */ = {
			isa = XCBuildConfiguration;
			buildSettings = {
				ASSETCATALOG_COMPILER_APPICON_NAME = AppIcon;
				ASSETCATALOG_COMPILER_GLOBAL_ACCENT_COLOR_NAME = AccentColor;
				CODE_SIGN_STYLE = Automatic;
				CURRENT_PROJECT_VERSION = 1;
				DEVELOPMENT_ASSET_PATHS = "\"ThreadsTutorial/Preview Content\"";
				DEVELOPMENT_TEAM = 324Y82FCZ3;
				ENABLE_PREVIEWS = YES;
				GENERATE_INFOPLIST_FILE = YES;
				INFOPLIST_KEY_UIApplicationSceneManifest_Generation = YES;
				INFOPLIST_KEY_UIApplicationSupportsIndirectInputEvents = YES;
				INFOPLIST_KEY_UILaunchScreen_Generation = YES;
				INFOPLIST_KEY_UISupportedInterfaceOrientations_iPad = "UIInterfaceOrientationPortrait UIInterfaceOrientationPortraitUpsideDown UIInterfaceOrientationLandscapeLeft UIInterfaceOrientationLandscapeRight";
				INFOPLIST_KEY_UISupportedInterfaceOrientations_iPhone = "UIInterfaceOrientationPortrait UIInterfaceOrientationLandscapeLeft UIInterfaceOrientationLandscapeRight";
				LD_RUNPATH_SEARCH_PATHS = (
					"$(inherited)",
					"@executable_path/Frameworks",
				);
				MARKETING_VERSION = 1.0;
				PRODUCT_BUNDLE_IDENTIFIER = com.josegarcia.ThreadsTutorial;
				PRODUCT_NAME = "$(TARGET_NAME)";
				SWIFT_EMIT_LOC_STRINGS = YES;
				SWIFT_VERSION = 5.0;
				TARGETED_DEVICE_FAMILY = "1,2";
			};
			name = Release;
		};
/* End XCBuildConfiguration section */

/* Begin XCConfigurationList section */
		BEB6ADC62BC1DF5A003A0941 /* Build configuration list for PBXProject "ThreadsTutorial" */ = {
			isa = XCConfigurationList;
			buildConfigurations = (
				BEB6ADD72BC1DF5D003A0941 /* Debug */,
				BEB6ADD82BC1DF5D003A0941 /* Release */,
			);
			defaultConfigurationIsVisible = 0;
			defaultConfigurationName = Release;
		};
		BEB6ADD92BC1DF5D003A0941 /* Build configuration list for PBXNativeTarget "ThreadsTutorial" */ = {
			isa = XCConfigurationList;
			buildConfigurations = (
				BEB6ADDA2BC1DF5D003A0941 /* Debug */,
				BEB6ADDB2BC1DF5D003A0941 /* Release */,
			);
			defaultConfigurationIsVisible = 0;
			defaultConfigurationName = Release;
		};
/* End XCConfigurationList section */

/* Begin XCRemoteSwiftPackageReference section */
		BE2F67932BC4E7E500DAC335 /* XCRemoteSwiftPackageReference "Kingfisher" */ = {
			isa = XCRemoteSwiftPackageReference;
			repositoryURL = "https://github.com/onevcat/Kingfisher.git";
			requirement = {
				kind = upToNextMajorVersion;
				minimumVersion = 7.11.0;
			};
		};
		BEB6AE192BC33A06003A0941 /* XCRemoteSwiftPackageReference "firebase-ios-sdk" */ = {
			isa = XCRemoteSwiftPackageReference;
			repositoryURL = "https://github.com/firebase/firebase-ios-sdk";
			requirement = {
				kind = upToNextMajorVersion;
				minimumVersion = 10.23.1;
			};
		};
/* End XCRemoteSwiftPackageReference section */

/* Begin XCSwiftPackageProductDependency section */
		BE2F67942BC4E7E600DAC335 /* Kingfisher */ = {
			isa = XCSwiftPackageProductDependency;
			package = BE2F67932BC4E7E500DAC335 /* XCRemoteSwiftPackageReference "Kingfisher" */;
			productName = Kingfisher;
		};
		BEB6AE1A2BC33A06003A0941 /* FirebaseAuth */ = {
			isa = XCSwiftPackageProductDependency;
			package = BEB6AE192BC33A06003A0941 /* XCRemoteSwiftPackageReference "firebase-ios-sdk" */;
			productName = FirebaseAuth;
		};
		BEB6AE1C2BC33A06003A0941 /* FirebaseFirestore */ = {
			isa = XCSwiftPackageProductDependency;
			package = BEB6AE192BC33A06003A0941 /* XCRemoteSwiftPackageReference "firebase-ios-sdk" */;
			productName = FirebaseFirestore;
		};
		BEB6AE1E2BC33A06003A0941 /* FirebaseFirestoreSwift */ = {
			isa = XCSwiftPackageProductDependency;
			package = BEB6AE192BC33A06003A0941 /* XCRemoteSwiftPackageReference "firebase-ios-sdk" */;
			productName = FirebaseFirestoreSwift;
		};
		BEB6AE202BC33A06003A0941 /* FirebaseStorage */ = {
			isa = XCSwiftPackageProductDependency;
			package = BEB6AE192BC33A06003A0941 /* XCRemoteSwiftPackageReference "firebase-ios-sdk" */;
			productName = FirebaseStorage;
		};
/* End XCSwiftPackageProductDependency section */
	};
	rootObject = BEB6ADC32BC1DF5A003A0941 /* Project object */;
}
